// !$*UTF8*$!
{
	archiveVersion = 1;
	classes = {
	};
	objectVersion = 56;
	objects = {

/* Begin PBXBuildFile section */
		2D2F6D2B2AFAC8B800C9E0E5 /* WeatherApp.swift in Sources */ = {isa = PBXBuildFile; fileRef = 2D2F6D2A2AFAC8B800C9E0E5 /* WeatherApp.swift */; };
		2D2F6D2D2AFAC8B800C9E0E5 /* ContentView.swift in Sources */ = {isa = PBXBuildFile; fileRef = 2D2F6D2C2AFAC8B800C9E0E5 /* ContentView.swift */; };
		2D2F6D2F2AFAC8BD00C9E0E5 /* Assets.xcassets in Resources */ = {isa = PBXBuildFile; fileRef = 2D2F6D2E2AFAC8BD00C9E0E5 /* Assets.xcassets */; };
		2D2F6D322AFAC8BD00C9E0E5 /* Preview Assets.xcassets in Resources */ = {isa = PBXBuildFile; fileRef = 2D2F6D312AFAC8BD00C9E0E5 /* Preview Assets.xcassets */; };
		2D2F6D3C2AFAC8BE00C9E0E5 /* WeatherTests.swift in Sources */ = {isa = PBXBuildFile; fileRef = 2D2F6D3B2AFAC8BE00C9E0E5 /* WeatherTests.swift */; };
		2D2F6D462AFAC8BE00C9E0E5 /* WeatherUITests.swift in Sources */ = {isa = PBXBuildFile; fileRef = 2D2F6D452AFAC8BE00C9E0E5 /* WeatherUITests.swift */; };
		2D2F6D482AFAC8BE00C9E0E5 /* WeatherUITestsLaunchTests.swift in Sources */ = {isa = PBXBuildFile; fileRef = 2D2F6D472AFAC8BE00C9E0E5 /* WeatherUITestsLaunchTests.swift */; };
		2D2F6D562AFBB81B00C9E0E5 /* NetworkError.swift in Sources */ = {isa = PBXBuildFile; fileRef = 2D2F6D552AFBB81B00C9E0E5 /* NetworkError.swift */; };
		2D2F6D582AFBB89700C9E0E5 /* WebService.swift in Sources */ = {isa = PBXBuildFile; fileRef = 2D2F6D572AFBB89700C9E0E5 /* WebService.swift */; };
/* End PBXBuildFile section */

/* Begin PBXContainerItemProxy section */
		2D2F6D382AFAC8BD00C9E0E5 /* PBXContainerItemProxy */ = {
			isa = PBXContainerItemProxy;
			containerPortal = 2D2F6D1F2AFAC8B800C9E0E5 /* Project object */;
			proxyType = 1;
			remoteGlobalIDString = 2D2F6D262AFAC8B800C9E0E5;
			remoteInfo = Weather;
		};
		2D2F6D422AFAC8BE00C9E0E5 /* PBXContainerItemProxy */ = {
			isa = PBXContainerItemProxy;
			containerPortal = 2D2F6D1F2AFAC8B800C9E0E5 /* Project object */;
			proxyType = 1;
			remoteGlobalIDString = 2D2F6D262AFAC8B800C9E0E5;
			remoteInfo = Weather;
		};
/* End PBXContainerItemProxy section */

/* Begin PBXFileReference section */
		2D2F6D272AFAC8B800C9E0E5 /* Weather.app */ = {isa = PBXFileReference; explicitFileType = wrapper.application; includeInIndex = 0; path = Weather.app; sourceTree = BUILT_PRODUCTS_DIR; };
		2D2F6D2A2AFAC8B800C9E0E5 /* WeatherApp.swift */ = {isa = PBXFileReference; lastKnownFileType = sourcecode.swift; path = WeatherApp.swift; sourceTree = "<group>"; };
		2D2F6D2C2AFAC8B800C9E0E5 /* ContentView.swift */ = {isa = PBXFileReference; lastKnownFileType = sourcecode.swift; path = ContentView.swift; sourceTree = "<group>"; };
		2D2F6D2E2AFAC8BD00C9E0E5 /* Assets.xcassets */ = {isa = PBXFileReference; lastKnownFileType = folder.assetcatalog; path = Assets.xcassets; sourceTree = "<group>"; };
		2D2F6D312AFAC8BD00C9E0E5 /* Preview Assets.xcassets */ = {isa = PBXFileReference; lastKnownFileType = folder.assetcatalog; path = "Preview Assets.xcassets"; sourceTree = "<group>"; };
		2D2F6D372AFAC8BD00C9E0E5 /* WeatherTests.xctest */ = {isa = PBXFileReference; explicitFileType = wrapper.cfbundle; includeInIndex = 0; path = WeatherTests.xctest; sourceTree = BUILT_PRODUCTS_DIR; };
		2D2F6D3B2AFAC8BE00C9E0E5 /* WeatherTests.swift */ = {isa = PBXFileReference; lastKnownFileType = sourcecode.swift; path = WeatherTests.swift; sourceTree = "<group>"; };
		2D2F6D412AFAC8BE00C9E0E5 /* WeatherUITests.xctest */ = {isa = PBXFileReference; explicitFileType = wrapper.cfbundle; includeInIndex = 0; path = WeatherUITests.xctest; sourceTree = BUILT_PRODUCTS_DIR; };
		2D2F6D452AFAC8BE00C9E0E5 /* WeatherUITests.swift */ = {isa = PBXFileReference; lastKnownFileType = sourcecode.swift; path = WeatherUITests.swift; sourceTree = "<group>"; };
		2D2F6D472AFAC8BE00C9E0E5 /* WeatherUITestsLaunchTests.swift */ = {isa = PBXFileReference; lastKnownFileType = sourcecode.swift; path = WeatherUITestsLaunchTests.swift; sourceTree = "<group>"; };
		2D2F6D552AFBB81B00C9E0E5 /* NetworkError.swift */ = {isa = PBXFileReference; lastKnownFileType = sourcecode.swift; path = NetworkError.swift; sourceTree = "<group>"; };
		2D2F6D572AFBB89700C9E0E5 /* WebService.swift */ = {isa = PBXFileReference; lastKnownFileType = sourcecode.swift; path = WebService.swift; sourceTree = "<group>"; };
/* End PBXFileReference section */

/* Begin PBXFrameworksBuildPhase section */
		2D2F6D242AFAC8B800C9E0E5 /* Frameworks */ = {
			isa = PBXFrameworksBuildPhase;
			buildActionMask = 2147483647;
			files = (
			);
			runOnlyForDeploymentPostprocessing = 0;
		};
		2D2F6D342AFAC8BD00C9E0E5 /* Frameworks */ = {
			isa = PBXFrameworksBuildPhase;
			buildActionMask = 2147483647;
			files = (
			);
			runOnlyForDeploymentPostprocessing = 0;
		};
		2D2F6D3E2AFAC8BE00C9E0E5 /* Frameworks */ = {
			isa = PBXFrameworksBuildPhase;
			buildActionMask = 2147483647;
			files = (
			);
			runOnlyForDeploymentPostprocessing = 0;
		};
/* End PBXFrameworksBuildPhase section */

/* Begin PBXGroup section */
		2D2F6D1E2AFAC8B800C9E0E5 = {
			isa = PBXGroup;
			children = (
				2D2F6D292AFAC8B800C9E0E5 /* Weather */,
				2D2F6D3A2AFAC8BE00C9E0E5 /* WeatherTests */,
				2D2F6D442AFAC8BE00C9E0E5 /* WeatherUITests */,
				2D2F6D282AFAC8B800C9E0E5 /* Products */,
			);
			sourceTree = "<group>";
		};
		2D2F6D282AFAC8B800C9E0E5 /* Products */ = {
			isa = PBXGroup;
			children = (
				2D2F6D272AFAC8B800C9E0E5 /* Weather.app */,
				2D2F6D372AFAC8BD00C9E0E5 /* WeatherTests.xctest */,
				2D2F6D412AFAC8BE00C9E0E5 /* WeatherUITests.xctest */,
			);
			name = Products;
			sourceTree = "<group>";
		};
		2D2F6D292AFAC8B800C9E0E5 /* Weather */ = {
			isa = PBXGroup;
			children = (
				2D2F6D542AFBB7F400C9E0E5 /* Model */,
				2D2F6D2A2AFAC8B800C9E0E5 /* WeatherApp.swift */,
				2D2F6D2C2AFAC8B800C9E0E5 /* ContentView.swift */,
				2D2F6D2E2AFAC8BD00C9E0E5 /* Assets.xcassets */,
				2D2F6D302AFAC8BD00C9E0E5 /* Preview Content */,
			);
			path = Weather;
			sourceTree = "<group>";
		};
		2D2F6D302AFAC8BD00C9E0E5 /* Preview Content */ = {
			isa = PBXGroup;
			children = (
				2D2F6D312AFAC8BD00C9E0E5 /* Preview Assets.xcassets */,
			);
			path = "Preview Content";
			sourceTree = "<group>";
		};
		2D2F6D3A2AFAC8BE00C9E0E5 /* WeatherTests */ = {
			isa = PBXGroup;
			children = (
				2D2F6D3B2AFAC8BE00C9E0E5 /* WeatherTests.swift */,
			);
			path = WeatherTests;
			sourceTree = "<group>";
		};
		2D2F6D442AFAC8BE00C9E0E5 /* WeatherUITests */ = {
			isa = PBXGroup;
			children = (
				2D2F6D452AFAC8BE00C9E0E5 /* WeatherUITests.swift */,
				2D2F6D472AFAC8BE00C9E0E5 /* WeatherUITestsLaunchTests.swift */,
			);
			path = WeatherUITests;
			sourceTree = "<group>";
		};
		2D2F6D542AFBB7F400C9E0E5 /* Model */ = {
			isa = PBXGroup;
			children = (
				2D2F6D552AFBB81B00C9E0E5 /* NetworkError.swift */,
				2D2F6D572AFBB89700C9E0E5 /* WebService.swift */,
			);
			path = Model;
			sourceTree = "<group>";
		};
/* End PBXGroup section */

/* Begin PBXNativeTarget section */
		2D2F6D262AFAC8B800C9E0E5 /* Weather */ = {
			isa = PBXNativeTarget;
			buildConfigurationList = 2D2F6D4B2AFAC8BE00C9E0E5 /* Build configuration list for PBXNativeTarget "Weather" */;
			buildPhases = (
				2D2F6D232AFAC8B800C9E0E5 /* Sources */,
				2D2F6D242AFAC8B800C9E0E5 /* Frameworks */,
				2D2F6D252AFAC8B800C9E0E5 /* Resources */,
			);
			buildRules = (
			);
			dependencies = (
			);
			name = Weather;
			productName = Weather;
			productReference = 2D2F6D272AFAC8B800C9E0E5 /* Weather.app */;
			productType = "com.apple.product-type.application";
		};
		2D2F6D362AFAC8BD00C9E0E5 /* WeatherTests */ = {
			isa = PBXNativeTarget;
			buildConfigurationList = 2D2F6D4E2AFAC8BE00C9E0E5 /* Build configuration list for PBXNativeTarget "WeatherTests" */;
			buildPhases = (
				2D2F6D332AFAC8BD00C9E0E5 /* Sources */,
				2D2F6D342AFAC8BD00C9E0E5 /* Frameworks */,
				2D2F6D352AFAC8BD00C9E0E5 /* Resources */,
			);
			buildRules = (
			);
			dependencies = (
				2D2F6D392AFAC8BD00C9E0E5 /* PBXTargetDependency */,
			);
			name = WeatherTests;
			productName = WeatherTests;
			productReference = 2D2F6D372AFAC8BD00C9E0E5 /* WeatherTests.xctest */;
			productType = "com.apple.product-type.bundle.unit-test";
		};
		2D2F6D402AFAC8BE00C9E0E5 /* WeatherUITests */ = {
			isa = PBXNativeTarget;
			buildConfigurationList = 2D2F6D512AFAC8BE00C9E0E5 /* Build configuration list for PBXNativeTarget "WeatherUITests" */;
			buildPhases = (
				2D2F6D3D2AFAC8BE00C9E0E5 /* Sources */,
				2D2F6D3E2AFAC8BE00C9E0E5 /* Frameworks */,
				2D2F6D3F2AFAC8BE00C9E0E5 /* Resources */,
			);
			buildRules = (
			);
			dependencies = (
				2D2F6D432AFAC8BE00C9E0E5 /* PBXTargetDependency */,
			);
			name = WeatherUITests;
			productName = WeatherUITests;
			productReference = 2D2F6D412AFAC8BE00C9E0E5 /* WeatherUITests.xctest */;
			productType = "com.apple.product-type.bundle.ui-testing";
		};
/* End PBXNativeTarget section */

/* Begin PBXProject section */
		2D2F6D1F2AFAC8B800C9E0E5 /* Project object */ = {
			isa = PBXProject;
			attributes = {
				BuildIndependentTargetsInParallel = 1;
				LastSwiftUpdateCheck = 1420;
				LastUpgradeCheck = 1420;
				TargetAttributes = {
					2D2F6D262AFAC8B800C9E0E5 = {
						CreatedOnToolsVersion = 14.2;
					};
					2D2F6D362AFAC8BD00C9E0E5 = {
						CreatedOnToolsVersion = 14.2;
						TestTargetID = 2D2F6D262AFAC8B800C9E0E5;
					};
					2D2F6D402AFAC8BE00C9E0E5 = {
						CreatedOnToolsVersion = 14.2;
						TestTargetID = 2D2F6D262AFAC8B800C9E0E5;
					};
				};
			};
			buildConfigurationList = 2D2F6D222AFAC8B800C9E0E5 /* Build configuration list for PBXProject "Weather" */;
			compatibilityVersion = "Xcode 14.0";
			developmentRegion = en;
			hasScannedForEncodings = 0;
			knownRegions = (
				en,
				Base,
			);
			mainGroup = 2D2F6D1E2AFAC8B800C9E0E5;
			productRefGroup = 2D2F6D282AFAC8B800C9E0E5 /* Products */;
			projectDirPath = "";
			projectRoot = "";
			targets = (
				2D2F6D262AFAC8B800C9E0E5 /* Weather */,
				2D2F6D362AFAC8BD00C9E0E5 /* WeatherTests */,
				2D2F6D402AFAC8BE00C9E0E5 /* WeatherUITests */,
			);
		};
/* End PBXProject section */

/* Begin PBXResourcesBuildPhase section */
		2D2F6D252AFAC8B800C9E0E5 /* Resources */ = {
			isa = PBXResourcesBuildPhase;
			buildActionMask = 2147483647;
			files = (
				2D2F6D322AFAC8BD00C9E0E5 /* Preview Assets.xcassets in Resources */,
				2D2F6D2F2AFAC8BD00C9E0E5 /* Assets.xcassets in Resources */,
			);
			runOnlyForDeploymentPostprocessing = 0;
		};
		2D2F6D352AFAC8BD00C9E0E5 /* Resources */ = {
			isa = PBXResourcesBuildPhase;
			buildActionMask = 2147483647;
			files = (
			);
			runOnlyForDeploymentPostprocessing = 0;
		};
		2D2F6D3F2AFAC8BE00C9E0E5 /* Resources */ = {
			isa = PBXResourcesBuildPhase;
			buildActionMask = 2147483647;
			files = (
			);
			runOnlyForDeploymentPostprocessing = 0;
		};
/* End PBXResourcesBuildPhase section */

/* Begin PBXSourcesBuildPhase section */
		2D2F6D232AFAC8B800C9E0E5 /* Sources */ = {
			isa = PBXSourcesBuildPhase;
			buildActionMask = 2147483647;
			files = (
				2D2F6D562AFBB81B00C9E0E5 /* NetworkError.swift in Sources */,
				2D2F6D2D2AFAC8B800C9E0E5 /* ContentView.swift in Sources */,
				2D2F6D582AFBB89700C9E0E5 /* WebService.swift in Sources */,
				2D2F6D2B2AFAC8B800C9E0E5 /* WeatherApp.swift in Sources */,
			);
			runOnlyForDeploymentPostprocessing = 0;
		};
		2D2F6D332AFAC8BD00C9E0E5 /* Sources */ = {
			isa = PBXSourcesBuildPhase;
			buildActionMask = 2147483647;
			files = (
				2D2F6D3C2AFAC8BE00C9E0E5 /* WeatherTests.swift in Sources */,
			);
			runOnlyForDeploymentPostprocessing = 0;
		};
		2D2F6D3D2AFAC8BE00C9E0E5 /* Sources */ = {
			isa = PBXSourcesBuildPhase;
			buildActionMask = 2147483647;
			files = (
				2D2F6D462AFAC8BE00C9E0E5 /* WeatherUITests.swift in Sources */,
				2D2F6D482AFAC8BE00C9E0E5 /* WeatherUITestsLaunchTests.swift in Sources */,
			);
			runOnlyForDeploymentPostprocessing = 0;
		};
/* End PBXSourcesBuildPhase section */

/* Begin PBXTargetDependency section */
		2D2F6D392AFAC8BD00C9E0E5 /* PBXTargetDependency */ = {
			isa = PBXTargetDependency;
			target = 2D2F6D262AFAC8B800C9E0E5 /* Weather */;
			targetProxy = 2D2F6D382AFAC8BD00C9E0E5 /* PBXContainerItemProxy */;
		};
		2D2F6D432AFAC8BE00C9E0E5 /* PBXTargetDependency */ = {
			isa = PBXTargetDependency;
			target = 2D2F6D262AFAC8B800C9E0E5 /* Weather */;
			targetProxy = 2D2F6D422AFAC8BE00C9E0E5 /* PBXContainerItemProxy */;
		};
/* End PBXTargetDependency section */

/* Begin XCBuildConfiguration section */
		2D2F6D492AFAC8BE00C9E0E5 /* Debug */ = {
			isa = XCBuildConfiguration;
			buildSettings = {
				ALWAYS_SEARCH_USER_PATHS = NO;
				CLANG_ANALYZER_NONNULL = YES;
				CLANG_ANALYZER_NUMBER_OBJECT_CONVERSION = YES_AGGRESSIVE;
				CLANG_CXX_LANGUAGE_STANDARD = "gnu++20";
				CLANG_ENABLE_MODULES = YES;
				CLANG_ENABLE_OBJC_ARC = YES;
				CLANG_ENABLE_OBJC_WEAK = YES;
				CLANG_WARN_BLOCK_CAPTURE_AUTORELEASING = YES;
				CLANG_WARN_BOOL_CONVERSION = YES;
				CLANG_WARN_COMMA = YES;
				CLANG_WARN_CONSTANT_CONVERSION = YES;
				CLANG_WARN_DEPRECATED_OBJC_IMPLEMENTATIONS = YES;
				CLANG_WARN_DIRECT_OBJC_ISA_USAGE = YES_ERROR;
				CLANG_WARN_DOCUMENTATION_COMMENTS = YES;
				CLANG_WARN_EMPTY_BODY = YES;
				CLANG_WARN_ENUM_CONVERSION = YES;
				CLANG_WARN_INFINITE_RECURSION = YES;
				CLANG_WARN_INT_CONVERSION = YES;
				CLANG_WARN_NON_LITERAL_NULL_CONVERSION = YES;
				CLANG_WARN_OBJC_IMPLICIT_RETAIN_SELF = YES;
				CLANG_WARN_OBJC_LITERAL_CONVERSION = YES;
				CLANG_WARN_OBJC_ROOT_CLASS = YES_ERROR;
				CLANG_WARN_QUOTED_INCLUDE_IN_FRAMEWORK_HEADER = YES;
				CLANG_WARN_RANGE_LOOP_ANALYSIS = YES;
				CLANG_WARN_STRICT_PROTOTYPES = YES;
				CLANG_WARN_SUSPICIOUS_MOVE = YES;
				CLANG_WARN_UNGUARDED_AVAILABILITY = YES_AGGRESSIVE;
				CLANG_WARN_UNREACHABLE_CODE = YES;
				CLANG_WARN__DUPLICATE_METHOD_MATCH = YES;
				COPY_PHASE_STRIP = NO;
				DEBUG_INFORMATION_FORMAT = dwarf;
				ENABLE_STRICT_OBJC_MSGSEND = YES;
				ENABLE_TESTABILITY = YES;
				GCC_C_LANGUAGE_STANDARD = gnu11;
				GCC_DYNAMIC_NO_PIC = NO;
				GCC_NO_COMMON_BLOCKS = YES;
				GCC_OPTIMIZATION_LEVEL = 0;
				GCC_PREPROCESSOR_DEFINITIONS = (
					"DEBUG=1",
					"$(inherited)",
				);
				GCC_WARN_64_TO_32_BIT_CONVERSION = YES;
				GCC_WARN_ABOUT_RETURN_TYPE = YES_ERROR;
				GCC_WARN_UNDECLARED_SELECTOR = YES;
				GCC_WARN_UNINITIALIZED_AUTOS = YES_AGGRESSIVE;
				GCC_WARN_UNUSED_FUNCTION = YES;
				GCC_WARN_UNUSED_VARIABLE = YES;
				IPHONEOS_DEPLOYMENT_TARGET = 16.2;
				MTL_ENABLE_DEBUG_INFO = INCLUDE_SOURCE;
				MTL_FAST_MATH = YES;
				ONLY_ACTIVE_ARCH = YES;
				SDKROOT = iphoneos;
				SWIFT_ACTIVE_COMPILATION_CONDITIONS = DEBUG;
				SWIFT_OPTIMIZATION_LEVEL = "-Onone";
			};
			name = Debug;
		};
		2D2F6D4A2AFAC8BE00C9E0E5 /* Release */ = {
			isa = XCBuildConfiguration;
			buildSettings = {
				ALWAYS_SEARCH_USER_PATHS = NO;
				CLANG_ANALYZER_NONNULL = YES;
				CLANG_ANALYZER_NUMBER_OBJECT_CONVERSION = YES_AGGRESSIVE;
				CLANG_CXX_LANGUAGE_STANDARD = "gnu++20";
				CLANG_ENABLE_MODULES = YES;
				CLANG_ENABLE_OBJC_ARC = YES;
				CLANG_ENABLE_OBJC_WEAK = YES;
				CLANG_WARN_BLOCK_CAPTURE_AUTORELEASING = YES;
				CLANG_WARN_BOOL_CONVERSION = YES;
				CLANG_WARN_COMMA = YES;
				CLANG_WARN_CONSTANT_CONVERSION = YES;
				CLANG_WARN_DEPRECATED_OBJC_IMPLEMENTATIONS = YES;
				CLANG_WARN_DIRECT_OBJC_ISA_USAGE = YES_ERROR;
				CLANG_WARN_DOCUMENTATION_COMMENTS = YES;
				CLANG_WARN_EMPTY_BODY = YES;
				CLANG_WARN_ENUM_CONVERSION = YES;
				CLANG_WARN_INFINITE_RECURSION = YES;
				CLANG_WARN_INT_CONVERSION = YES;
				CLANG_WARN_NON_LITERAL_NULL_CONVERSION = YES;
				CLANG_WARN_OBJC_IMPLICIT_RETAIN_SELF = YES;
				CLANG_WARN_OBJC_LITERAL_CONVERSION = YES;
				CLANG_WARN_OBJC_ROOT_CLASS = YES_ERROR;
				CLANG_WARN_QUOTED_INCLUDE_IN_FRAMEWORK_HEADER = YES;
				CLANG_WARN_RANGE_LOOP_ANALYSIS = YES;
				CLANG_WARN_STRICT_PROTOTYPES = YES;
				CLANG_WARN_SUSPICIOUS_MOVE = YES;
				CLANG_WARN_UNGUARDED_AVAILABILITY = YES_AGGRESSIVE;
				CLANG_WARN_UNREACHABLE_CODE = YES;
				CLANG_WARN__DUPLICATE_METHOD_MATCH = YES;
				COPY_PHASE_STRIP = NO;
				DEBUG_INFORMATION_FORMAT = "dwarf-with-dsym";
				ENABLE_NS_ASSERTIONS = NO;
				ENABLE_STRICT_OBJC_MSGSEND = YES;
				GCC_C_LANGUAGE_STANDARD = gnu11;
				GCC_NO_COMMON_BLOCKS = YES;
				GCC_WARN_64_TO_32_BIT_CONVERSION = YES;
				GCC_WARN_ABOUT_RETURN_TYPE = YES_ERROR;
				GCC_WARN_UNDECLARED_SELECTOR = YES;
				GCC_WARN_UNINITIALIZED_AUTOS = YES_AGGRESSIVE;
				GCC_WARN_UNUSED_FUNCTION = YES;
				GCC_WARN_UNUSED_VARIABLE = YES;
				IPHONEOS_DEPLOYMENT_TARGET = 16.2;
				MTL_ENABLE_DEBUG_INFO = NO;
				MTL_FAST_MATH = YES;
				SDKROOT = iphoneos;
				SWIFT_COMPILATION_MODE = wholemodule;
				SWIFT_OPTIMIZATION_LEVEL = "-O";
				VALIDATE_PRODUCT = YES;
			};
			name = Release;
		};
		2D2F6D4C2AFAC8BE00C9E0E5 /* Debug */ = {
			isa = XCBuildConfiguration;
			buildSettings = {
				ASSETCATALOG_COMPILER_APPICON_NAME = AppIcon;
				ASSETCATALOG_COMPILER_GLOBAL_ACCENT_COLOR_NAME = AccentColor;
				CODE_SIGN_STYLE = Automatic;
				CURRENT_PROJECT_VERSION = 1;
				DEVELOPMENT_ASSET_PATHS = "\"Weather/Preview Content\"";
				ENABLE_PREVIEWS = YES;
				GENERATE_INFOPLIST_FILE = YES;
				INFOPLIST_KEY_UIApplicationSceneManifest_Generation = YES;
				INFOPLIST_KEY_UIApplicationSupportsIndirectInputEvents = YES;
				INFOPLIST_KEY_UILaunchScreen_Generation = YES;
				INFOPLIST_KEY_UISupportedInterfaceOrientations_iPad = "UIInterfaceOrientationPortrait UIInterfaceOrientationPortraitUpsideDown UIInterfaceOrientationLandscapeLeft UIInterfaceOrientationLandscapeRight";
				INFOPLIST_KEY_UISupportedInterfaceOrientations_iPhone = "UIInterfaceOrientationPortrait UIInterfaceOrientationLandscapeLeft UIInterfaceOrientationLandscapeRight";
				LD_RUNPATH_SEARCH_PATHS = (
					"$(inherited)",
					"@executable_path/Frameworks",
				);
				MARKETING_VERSION = 1.0;
				PRODUCT_BUNDLE_IDENTIFIER = RamyDev.Weather;
				PRODUCT_NAME = "$(TARGET_NAME)";
				SWIFT_EMIT_LOC_STRINGS = YES;
				SWIFT_VERSION = 5.0;
				TARGETED_DEVICE_FAMILY = "1,2";
			};
			name = Debug;
		};
		2D2F6D4D2AFAC8BE00C9E0E5 /* Release */ = {
			isa = XCBuildConfiguration;
			buildSettings = {
				ASSETCATALOG_COMPILER_APPICON_NAME = AppIcon;
				ASSETCATALOG_COMPILER_GLOBAL_ACCENT_COLOR_NAME = AccentColor;
				CODE_SIGN_STYLE = Automatic;
				CURRENT_PROJECT_VERSION = 1;
				DEVELOPMENT_ASSET_PATHS = "\"Weather/Preview Content\"";
				ENABLE_PREVIEWS = YES;
				GENERATE_INFOPLIST_FILE = YES;
				INFOPLIST_KEY_UIApplicationSceneManifest_Generation = YES;
				INFOPLIST_KEY_UIApplicationSupportsIndirectInputEvents = YES;
				INFOPLIST_KEY_UILaunchScreen_Generation = YES;
				INFOPLIST_KEY_UISupportedInterfaceOrientations_iPad = "UIInterfaceOrientationPortrait UIInterfaceOrientationPortraitUpsideDown UIInterfaceOrientationLandscapeLeft UIInterfaceOrientationLandscapeRight";
				INFOPLIST_KEY_UISupportedInterfaceOrientations_iPhone = "UIInterfaceOrientationPortrait UIInterfaceOrientationLandscapeLeft UIInterfaceOrientationLandscapeRight";
				LD_RUNPATH_SEARCH_PATHS = (
					"$(inherited)",
					"@executable_path/Frameworks",
				);
				MARKETING_VERSION = 1.0;
				PRODUCT_BUNDLE_IDENTIFIER = RamyDev.Weather;
				PRODUCT_NAME = "$(TARGET_NAME)";
				SWIFT_EMIT_LOC_STRINGS = YES;
				SWIFT_VERSION = 5.0;
				TARGETED_DEVICE_FAMILY = "1,2";
			};
			name = Release;
		};
		2D2F6D4F2AFAC8BE00C9E0E5 /* Debug */ = {
			isa = XCBuildConfiguration;
			buildSettings = {
				ALWAYS_EMBED_SWIFT_STANDARD_LIBRARIES = YES;
				BUNDLE_LOADER = "$(TEST_HOST)";
				CODE_SIGN_STYLE = Automatic;
				CURRENT_PROJECT_VERSION = 1;
				GENERATE_INFOPLIST_FILE = YES;
				IPHONEOS_DEPLOYMENT_TARGET = 16.2;
				MARKETING_VERSION = 1.0;
				PRODUCT_BUNDLE_IDENTIFIER = RamyDev.WeatherTests;
				PRODUCT_NAME = "$(TARGET_NAME)";
				SWIFT_EMIT_LOC_STRINGS = NO;
				SWIFT_VERSION = 5.0;
				TARGETED_DEVICE_FAMILY = "1,2";
				TEST_HOST = "$(BUILT_PRODUCTS_DIR)/Weather.app/$(BUNDLE_EXECUTABLE_FOLDER_PATH)/Weather";
			};
			name = Debug;
		};
		2D2F6D502AFAC8BE00C9E0E5 /* Release */ = {
			isa = XCBuildConfiguration;
			buildSettings = {
				ALWAYS_EMBED_SWIFT_STANDARD_LIBRARIES = YES;
				BUNDLE_LOADER = "$(TEST_HOST)";
				CODE_SIGN_STYLE = Automatic;
				CURRENT_PROJECT_VERSION = 1;
				GENERATE_INFOPLIST_FILE = YES;
				IPHONEOS_DEPLOYMENT_TARGET = 16.2;
				MARKETING_VERSION = 1.0;
				PRODUCT_BUNDLE_IDENTIFIER = RamyDev.WeatherTests;
				PRODUCT_NAME = "$(TARGET_NAME)";
				SWIFT_EMIT_LOC_STRINGS = NO;
				SWIFT_VERSION = 5.0;
				TARGETED_DEVICE_FAMILY = "1,2";
				TEST_HOST = "$(BUILT_PRODUCTS_DIR)/Weather.app/$(BUNDLE_EXECUTABLE_FOLDER_PATH)/Weather";
			};
			name = Release;
		};
		2D2F6D522AFAC8BE00C9E0E5 /* Debug */ = {
			isa = XCBuildConfiguration;
			buildSettings = {
				ALWAYS_EMBED_SWIFT_STANDARD_LIBRARIES = YES;
				CODE_SIGN_STYLE = Automatic;
				CURRENT_PROJECT_VERSION = 1;
				GENERATE_INFOPLIST_FILE = YES;
				MARKETING_VERSION = 1.0;
				PRODUCT_BUNDLE_IDENTIFIER = RamyDev.WeatherUITests;
				PRODUCT_NAME = "$(TARGET_NAME)";
				SWIFT_EMIT_LOC_STRINGS = NO;
				SWIFT_VERSION = 5.0;
				TARGETED_DEVICE_FAMILY = "1,2";
				TEST_TARGET_NAME = Weather;
			};
			name = Debug;
		};
		2D2F6D532AFAC8BE00C9E0E5 /* Release */ = {
			isa = XCBuildConfiguration;
			buildSettings = {
				ALWAYS_EMBED_SWIFT_STANDARD_LIBRARIES = YES;
				CODE_SIGN_STYLE = Automatic;
				CURRENT_PROJECT_VERSION = 1;
				GENERATE_INFOPLIST_FILE = YES;
				MARKETING_VERSION = 1.0;
				PRODUCT_BUNDLE_IDENTIFIER = RamyDev.WeatherUITests;
				PRODUCT_NAME = "$(TARGET_NAME)";
				SWIFT_EMIT_LOC_STRINGS = NO;
				SWIFT_VERSION = 5.0;
				TARGETED_DEVICE_FAMILY = "1,2";
				TEST_TARGET_NAME = Weather;
			};
			name = Release;
		};
/* End XCBuildConfiguration section */

/* Begin XCConfigurationList section */
		2D2F6D222AFAC8B800C9E0E5 /* Build configuration list for PBXProject "Weather" */ = {
			isa = XCConfigurationList;
			buildConfigurations = (
				2D2F6D492AFAC8BE00C9E0E5 /* Debug */,
				2D2F6D4A2AFAC8BE00C9E0E5 /* Release */,
			);
			defaultConfigurationIsVisible = 0;
			defaultConfigurationName = Release;
		};
		2D2F6D4B2AFAC8BE00C9E0E5 /* Build configuration list for PBXNativeTarget "Weather" */ = {
			isa = XCConfigurationList;
			buildConfigurations = (
				2D2F6D4C2AFAC8BE00C9E0E5 /* Debug */,
				2D2F6D4D2AFAC8BE00C9E0E5 /* Release */,
			);
			defaultConfigurationIsVisible = 0;
			defaultConfigurationName = Release;
		};
		2D2F6D4E2AFAC8BE00C9E0E5 /* Build configuration list for PBXNativeTarget "WeatherTests" */ = {
			isa = XCConfigurationList;
			buildConfigurations = (
				2D2F6D4F2AFAC8BE00C9E0E5 /* Debug */,
				2D2F6D502AFAC8BE00C9E0E5 /* Release */,
			);
			defaultConfigurationIsVisible = 0;
			defaultConfigurationName = Release;
		};
		2D2F6D512AFAC8BE00C9E0E5 /* Build configuration list for PBXNativeTarget "WeatherUITests" */ = {
			isa = XCConfigurationList;
			buildConfigurations = (
				2D2F6D522AFAC8BE00C9E0E5 /* Debug */,
				2D2F6D532AFAC8BE00C9E0E5 /* Release */,
			);
			defaultConfigurationIsVisible = 0;
			defaultConfigurationName = Release;
		};
/* End XCConfigurationList section */
	};
	rootObject = 2D2F6D1F2AFAC8B800C9E0E5 /* Project object */;
}
